
Microsoft Visual Studio Solution File, Format Version 12.00
# Visual Studio Version 17
VisualStudioVersion = 17.8.34511.84
MinimumVisualStudioVersion = 10.0.40219.1
Project("{FAE04EC0-301F-11D3-BF4B-00C04F79EFBC}") = "ExpliciTag", "ExpliciTag\ExpliciTag.csproj", "{7DF84B01-1996-4289-88FF-F76F270BB546}"
EndProject
Global
	GlobalSection(SolutionConfigurationPlatforms) = preSolution
		Debug|Any CPU = Debug|Any CPU
		Release|Any CPU = Release|Any CPU
	EndGlobalSection
	GlobalSection(ProjectConfigurationPlatforms) = postSolution
		{7DF84B01-1996-4289-88FF-F76F270BB546}.Debug|Any CPU.ActiveCfg = Debug|Any CPU
		{7DF84B01-1996-4289-88FF-F76F270BB546}.Debug|Any CPU.Build.0 = Debug|Any CPU
		{7DF84B01-1996-4289-88FF-F76F270BB546}.Release|Any CPU.ActiveCfg = Release|Any CPU
		{7DF84B01-1996-4289-88FF-F76F270BB546}.Release|Any CPU.Build.0 = Release|Any CPU
	EndGlobalSection
	GlobalSection(SolutionProperties) = preSolution
		HideSolutionNode = FALSE
	EndGlobalSection
	GlobalSection(ExtensibilityGlobals) = postSolution
		SolutionGuid = {396917D3-BBF0-4ED1-B835-95D2EC67CB22}
	EndGlobalSection
EndGlobal
